
Microsoft Visual Studio Solution File, Format Version 12.00
# Visual Studio 15
VisualStudioVersion = 15.0.28307.421
MinimumVisualStudioVersion = 10.0.40219.1
Project("{9A19103F-16F7-4668-BE54-9A1E7A4F7556}") = "Filas-Queue", "Filas-Queue\Filas-Queue.csproj", "{2056A18C-60E3-4724-AA3D-501DE93B2858}"
EndProject
Project("{9A19103F-16F7-4668-BE54-9A1E7A4F7556}") = "Pilhas-Stack", "Pilhas-Stack\Pilhas-Stack.csproj", "{AB655E79-4F47-4D49-9393-40637C36F6EB}"
EndProject
Project("{9A19103F-16F7-4668-BE54-9A1E7A4F7556}") = "Tuplas-Tuple", "Tuplas-Tuple\Tuplas-Tuple.csproj", "{EAB9B71C-B0A3-4E29-9A62-9D3AEAFA0362}"
EndProject
Project("{9A19103F-16F7-4668-BE54-9A1E7A4F7556}") = "EstruturaDecisao-If-ElseIf-Else", "EstruturaDecisao-If-ElseIf-Else\EstruturaDecisao-If-ElseIf-Else.csproj", "{E92D6EA0-7A03-44FB-AECE-9979F6ABD5D5}"
EndProject
Project("{9A19103F-16F7-4668-BE54-9A1E7A4F7556}") = "EstruturaEscolha-SwitchCase", "SwitchCase\EstruturaEscolha-SwitchCase.csproj", "{83288893-5A63-4776-A8FB-457646C6D53A}"
EndProject
Project("{9A19103F-16F7-4668-BE54-9A1E7A4F7556}") = "EstruturaRepeticao-While-DoWhile", "EstruturaRepeticao-While\EstruturaRepeticao-While-DoWhile.csproj", "{37EA50ED-42F4-40FB-A111-27E82E901535}"
EndProject
Project("{9A19103F-16F7-4668-BE54-9A1E7A4F7556}") = "EstruturaRepeticao-For", "EstruturaRepeticao-For\EstruturaRepeticao-For.csproj", "{05EDDEC7-AC83-4C52-BAEA-B538FF0030F1}"
EndProject
Project("{9A19103F-16F7-4668-BE54-9A1E7A4F7556}") = "EstruturaRepeticao-Foreach", "EstruturaRepeticao-Foreach\EstruturaRepeticao-Foreach.csproj", "{AF4459F1-0004-4ADE-BC9D-FF250EA92678}"
EndProject
Project("{2150E333-8FDC-42A3-9474-1A3956D46DE8}") = "01-IniciadoComCSharp7.0", "01-IniciadoComCSharp7.0", "{25C1EF4B-AE4C-4F6D-9FC1-8B0280D6567D}"
EndProject
Project("{2150E333-8FDC-42A3-9474-1A3956D46DE8}") = "02-AvancandoComCSharp7.0", "02-AvancandoComCSharp7.0", "{F9B8683D-CC05-4DFE-B8F6-65CC3FF9DDFD}"
EndProject
Project("{9A19103F-16F7-4668-BE54-9A1E7A4F7556}") = "FuncoesDeString", "FuncoesDeString\FuncoesDeString.csproj", "{AFD8ED68-49F5-46D1-8A1B-A7E326DACE5E}"
EndProject
Project("{9A19103F-16F7-4668-BE54-9A1E7A4F7556}") = "FormatacaoDeTexto-StringFormat", "FormatacaoDeTexto-StringFormat\FormatacaoDeTexto-StringFormat.csproj", "{56E238DD-4EC1-48E0-9DB8-21AAA2C81809}"
EndProject
Project("{9A19103F-16F7-4668-BE54-9A1E7A4F7556}") = "ManipulacaoEfetiva-String-Builder", "StringBuilder\ManipulacaoEfetiva-String-Builder.csproj", "{EB876B8E-1C72-49F9-B0CA-51629D2314D5}"
EndProject
Project("{9A19103F-16F7-4668-BE54-9A1E7A4F7556}") = "TrabalhandoComData-DateTime", "TrabalhandoComData-DateTime\TrabalhandoComData-DateTime.csproj", "{FEA7CD4B-F5FB-4077-A873-856B73B481E6}"
EndProject
Project("{9A19103F-16F7-4668-BE54-9A1E7A4F7556}") = "FormatandoDataEHoRa-DateTime", "FormatandoDataEHoRa-DateTime\FormatandoDataEHoRa-DateTime.csproj", "{ABBC87A6-DB30-406F-833B-80203403A140}"
EndProject
Project("{9A19103F-16F7-4668-BE54-9A1E7A4F7556}") = "TrabalhandoComClasses-Class", "TrabalhandoComClasses-Class\TrabalhandoComClasses-Class.csproj", "{6F1A0C1B-2755-400A-85F5-CEC442BA3F5C}"
EndProject
Project("{9A19103F-16F7-4668-BE54-9A1E7A4F7556}") = "TrabalhandoComMetodos-Metodos", "TrabalhandoComMetodos-Metodos\TrabalhandoComMetodos-Metodos.csproj", "{74FD950F-1B27-4D10-9AFE-D2022D1BDBD1}"
EndProject
Project("{FAE04EC0-301F-11D3-BF4B-00C04F79EFBC}") = "TratamentoDeExcecoes-Throw", "TratamentoDeExcecoes-Throw\TratamentoDeExcecoes-Throw.csproj", "{10BAFDBD-CA73-486C-8DD3-0179A5D9B98E}"
EndProject
Project("{FAE04EC0-301F-11D3-BF4B-00C04F79EFBC}") = "OrganizandoConstantes-Enums", "OrganizandoConstantes-Enums\OrganizandoConstantes-Enums.csproj", "{D8363A19-17DC-418C-B674-DD97779C761C}"
EndProject
Project("{FAE04EC0-301F-11D3-BF4B-00C04F79EFBC}") = "OrganizandoGruposDeVariaveis-Struct", "OrganizandoGruposDeVariaveis-Struct\OrganizandoGruposDeVariaveis-Struct.csproj", "{534FEDB0-3DDF-43C0-A933-B0C2CA29A6E0}"
EndProject
Project("{FAE04EC0-301F-11D3-BF4B-00C04F79EFBC}") = "TrabalhandoComListas-List", "TrabalhandoComListas-List\TrabalhandoComListas-List.csproj", "{0F11F97F-8D0E-47B8-A81D-0C56F718F747}"
EndProject
Project("{2150E333-8FDC-42A3-9474-1A3956D46DE8}") = "03-IniciandoComCSharp7.0OrientadoAObjetos", "03-IniciandoComCSharp7.0OrientadoAObjetos", "{2896DB61-063E-435F-BC18-D6DDFA242412}"
EndProject
Global
	GlobalSection(SolutionConfigurationPlatforms) = preSolution
		Debug|Any CPU = Debug|Any CPU
		Release|Any CPU = Release|Any CPU
	EndGlobalSection
	GlobalSection(ProjectConfigurationPlatforms) = postSolution
		{2056A18C-60E3-4724-AA3D-501DE93B2858}.Debug|Any CPU.ActiveCfg = Debug|Any CPU
		{2056A18C-60E3-4724-AA3D-501DE93B2858}.Debug|Any CPU.Build.0 = Debug|Any CPU
		{2056A18C-60E3-4724-AA3D-501DE93B2858}.Release|Any CPU.ActiveCfg = Release|Any CPU
		{2056A18C-60E3-4724-AA3D-501DE93B2858}.Release|Any CPU.Build.0 = Release|Any CPU
		{AB655E79-4F47-4D49-9393-40637C36F6EB}.Debug|Any CPU.ActiveCfg = Debug|Any CPU
		{AB655E79-4F47-4D49-9393-40637C36F6EB}.Debug|Any CPU.Build.0 = Debug|Any CPU
		{AB655E79-4F47-4D49-9393-40637C36F6EB}.Release|Any CPU.ActiveCfg = Release|Any CPU
		{AB655E79-4F47-4D49-9393-40637C36F6EB}.Release|Any CPU.Build.0 = Release|Any CPU
		{EAB9B71C-B0A3-4E29-9A62-9D3AEAFA0362}.Debug|Any CPU.ActiveCfg = Debug|Any CPU
		{EAB9B71C-B0A3-4E29-9A62-9D3AEAFA0362}.Debug|Any CPU.Build.0 = Debug|Any CPU
		{EAB9B71C-B0A3-4E29-9A62-9D3AEAFA0362}.Release|Any CPU.ActiveCfg = Release|Any CPU
		{EAB9B71C-B0A3-4E29-9A62-9D3AEAFA0362}.Release|Any CPU.Build.0 = Release|Any CPU
		{E92D6EA0-7A03-44FB-AECE-9979F6ABD5D5}.Debug|Any CPU.ActiveCfg = Debug|Any CPU
		{E92D6EA0-7A03-44FB-AECE-9979F6ABD5D5}.Debug|Any CPU.Build.0 = Debug|Any CPU
		{E92D6EA0-7A03-44FB-AECE-9979F6ABD5D5}.Release|Any CPU.ActiveCfg = Release|Any CPU
		{E92D6EA0-7A03-44FB-AECE-9979F6ABD5D5}.Release|Any CPU.Build.0 = Release|Any CPU
		{83288893-5A63-4776-A8FB-457646C6D53A}.Debug|Any CPU.ActiveCfg = Debug|Any CPU
		{83288893-5A63-4776-A8FB-457646C6D53A}.Debug|Any CPU.Build.0 = Debug|Any CPU
		{83288893-5A63-4776-A8FB-457646C6D53A}.Release|Any CPU.ActiveCfg = Release|Any CPU
		{83288893-5A63-4776-A8FB-457646C6D53A}.Release|Any CPU.Build.0 = Release|Any CPU
		{37EA50ED-42F4-40FB-A111-27E82E901535}.Debug|Any CPU.ActiveCfg = Debug|Any CPU
		{37EA50ED-42F4-40FB-A111-27E82E901535}.Debug|Any CPU.Build.0 = Debug|Any CPU
		{37EA50ED-42F4-40FB-A111-27E82E901535}.Release|Any CPU.ActiveCfg = Release|Any CPU
		{37EA50ED-42F4-40FB-A111-27E82E901535}.Release|Any CPU.Build.0 = Release|Any CPU
		{05EDDEC7-AC83-4C52-BAEA-B538FF0030F1}.Debug|Any CPU.ActiveCfg = Debug|Any CPU
		{05EDDEC7-AC83-4C52-BAEA-B538FF0030F1}.Debug|Any CPU.Build.0 = Debug|Any CPU
		{05EDDEC7-AC83-4C52-BAEA-B538FF0030F1}.Release|Any CPU.ActiveCfg = Release|Any CPU
		{05EDDEC7-AC83-4C52-BAEA-B538FF0030F1}.Release|Any CPU.Build.0 = Release|Any CPU
		{AF4459F1-0004-4ADE-BC9D-FF250EA92678}.Debug|Any CPU.ActiveCfg = Debug|Any CPU
		{AF4459F1-0004-4ADE-BC9D-FF250EA92678}.Debug|Any CPU.Build.0 = Debug|Any CPU
		{AF4459F1-0004-4ADE-BC9D-FF250EA92678}.Release|Any CPU.ActiveCfg = Release|Any CPU
		{AF4459F1-0004-4ADE-BC9D-FF250EA92678}.Release|Any CPU.Build.0 = Release|Any CPU
		{AFD8ED68-49F5-46D1-8A1B-A7E326DACE5E}.Debug|Any CPU.ActiveCfg = Debug|Any CPU
		{AFD8ED68-49F5-46D1-8A1B-A7E326DACE5E}.Debug|Any CPU.Build.0 = Debug|Any CPU
		{AFD8ED68-49F5-46D1-8A1B-A7E326DACE5E}.Release|Any CPU.ActiveCfg = Release|Any CPU
		{AFD8ED68-49F5-46D1-8A1B-A7E326DACE5E}.Release|Any CPU.Build.0 = Release|Any CPU
		{56E238DD-4EC1-48E0-9DB8-21AAA2C81809}.Debug|Any CPU.ActiveCfg = Debug|Any CPU
		{56E238DD-4EC1-48E0-9DB8-21AAA2C81809}.Debug|Any CPU.Build.0 = Debug|Any CPU
		{56E238DD-4EC1-48E0-9DB8-21AAA2C81809}.Release|Any CPU.ActiveCfg = Release|Any CPU
		{56E238DD-4EC1-48E0-9DB8-21AAA2C81809}.Release|Any CPU.Build.0 = Release|Any CPU
		{EB876B8E-1C72-49F9-B0CA-51629D2314D5}.Debug|Any CPU.ActiveCfg = Debug|Any CPU
		{EB876B8E-1C72-49F9-B0CA-51629D2314D5}.Debug|Any CPU.Build.0 = Debug|Any CPU
		{EB876B8E-1C72-49F9-B0CA-51629D2314D5}.Release|Any CPU.ActiveCfg = Release|Any CPU
		{EB876B8E-1C72-49F9-B0CA-51629D2314D5}.Release|Any CPU.Build.0 = Release|Any CPU
		{FEA7CD4B-F5FB-4077-A873-856B73B481E6}.Debug|Any CPU.ActiveCfg = Debug|Any CPU
		{FEA7CD4B-F5FB-4077-A873-856B73B481E6}.Debug|Any CPU.Build.0 = Debug|Any CPU
		{FEA7CD4B-F5FB-4077-A873-856B73B481E6}.Release|Any CPU.ActiveCfg = Release|Any CPU
		{FEA7CD4B-F5FB-4077-A873-856B73B481E6}.Release|Any CPU.Build.0 = Release|Any CPU
		{ABBC87A6-DB30-406F-833B-80203403A140}.Debug|Any CPU.ActiveCfg = Debug|Any CPU
		{ABBC87A6-DB30-406F-833B-80203403A140}.Debug|Any CPU.Build.0 = Debug|Any CPU
		{ABBC87A6-DB30-406F-833B-80203403A140}.Release|Any CPU.ActiveCfg = Release|Any CPU
		{ABBC87A6-DB30-406F-833B-80203403A140}.Release|Any CPU.Build.0 = Release|Any CPU
		{6F1A0C1B-2755-400A-85F5-CEC442BA3F5C}.Debug|Any CPU.ActiveCfg = Debug|Any CPU
		{6F1A0C1B-2755-400A-85F5-CEC442BA3F5C}.Debug|Any CPU.Build.0 = Debug|Any CPU
		{6F1A0C1B-2755-400A-85F5-CEC442BA3F5C}.Release|Any CPU.ActiveCfg = Release|Any CPU
		{6F1A0C1B-2755-400A-85F5-CEC442BA3F5C}.Release|Any CPU.Build.0 = Release|Any CPU
		{74FD950F-1B27-4D10-9AFE-D2022D1BDBD1}.Debug|Any CPU.ActiveCfg = Debug|Any CPU
		{74FD950F-1B27-4D10-9AFE-D2022D1BDBD1}.Debug|Any CPU.Build.0 = Debug|Any CPU
		{74FD950F-1B27-4D10-9AFE-D2022D1BDBD1}.Release|Any CPU.ActiveCfg = Release|Any CPU
		{74FD950F-1B27-4D10-9AFE-D2022D1BDBD1}.Release|Any CPU.Build.0 = Release|Any CPU
		{10BAFDBD-CA73-486C-8DD3-0179A5D9B98E}.Debug|Any CPU.ActiveCfg = Debug|Any CPU
		{10BAFDBD-CA73-486C-8DD3-0179A5D9B98E}.Debug|Any CPU.Build.0 = Debug|Any CPU
		{10BAFDBD-CA73-486C-8DD3-0179A5D9B98E}.Release|Any CPU.ActiveCfg = Release|Any CPU
		{10BAFDBD-CA73-486C-8DD3-0179A5D9B98E}.Release|Any CPU.Build.0 = Release|Any CPU
		{D8363A19-17DC-418C-B674-DD97779C761C}.Debug|Any CPU.ActiveCfg = Debug|Any CPU
		{D8363A19-17DC-418C-B674-DD97779C761C}.Debug|Any CPU.Build.0 = Debug|Any CPU
		{D8363A19-17DC-418C-B674-DD97779C761C}.Release|Any CPU.ActiveCfg = Release|Any CPU
		{D8363A19-17DC-418C-B674-DD97779C761C}.Release|Any CPU.Build.0 = Release|Any CPU
		{534FEDB0-3DDF-43C0-A933-B0C2CA29A6E0}.Debug|Any CPU.ActiveCfg = Debug|Any CPU
		{534FEDB0-3DDF-43C0-A933-B0C2CA29A6E0}.Debug|Any CPU.Build.0 = Debug|Any CPU
		{534FEDB0-3DDF-43C0-A933-B0C2CA29A6E0}.Release|Any CPU.ActiveCfg = Release|Any CPU
		{534FEDB0-3DDF-43C0-A933-B0C2CA29A6E0}.Release|Any CPU.Build.0 = Release|Any CPU
		{0F11F97F-8D0E-47B8-A81D-0C56F718F747}.Debug|Any CPU.ActiveCfg = Debug|Any CPU
		{0F11F97F-8D0E-47B8-A81D-0C56F718F747}.Debug|Any CPU.Build.0 = Debug|Any CPU
		{0F11F97F-8D0E-47B8-A81D-0C56F718F747}.Release|Any CPU.ActiveCfg = Release|Any CPU
		{0F11F97F-8D0E-47B8-A81D-0C56F718F747}.Release|Any CPU.Build.0 = Release|Any CPU
	EndGlobalSection
	GlobalSection(SolutionProperties) = preSolution
		HideSolutionNode = FALSE
	EndGlobalSection
	GlobalSection(NestedProjects) = preSolution
		{2056A18C-60E3-4724-AA3D-501DE93B2858} = {25C1EF4B-AE4C-4F6D-9FC1-8B0280D6567D}
		{AB655E79-4F47-4D49-9393-40637C36F6EB} = {25C1EF4B-AE4C-4F6D-9FC1-8B0280D6567D}
		{EAB9B71C-B0A3-4E29-9A62-9D3AEAFA0362} = {25C1EF4B-AE4C-4F6D-9FC1-8B0280D6567D}
		{E92D6EA0-7A03-44FB-AECE-9979F6ABD5D5} = {25C1EF4B-AE4C-4F6D-9FC1-8B0280D6567D}
		{83288893-5A63-4776-A8FB-457646C6D53A} = {25C1EF4B-AE4C-4F6D-9FC1-8B0280D6567D}
		{37EA50ED-42F4-40FB-A111-27E82E901535} = {25C1EF4B-AE4C-4F6D-9FC1-8B0280D6567D}
		{05EDDEC7-AC83-4C52-BAEA-B538FF0030F1} = {25C1EF4B-AE4C-4F6D-9FC1-8B0280D6567D}
		{AF4459F1-0004-4ADE-BC9D-FF250EA92678} = {25C1EF4B-AE4C-4F6D-9FC1-8B0280D6567D}
		{AFD8ED68-49F5-46D1-8A1B-A7E326DACE5E} = {F9B8683D-CC05-4DFE-B8F6-65CC3FF9DDFD}
		{56E238DD-4EC1-48E0-9DB8-21AAA2C81809} = {F9B8683D-CC05-4DFE-B8F6-65CC3FF9DDFD}
		{EB876B8E-1C72-49F9-B0CA-51629D2314D5} = {F9B8683D-CC05-4DFE-B8F6-65CC3FF9DDFD}
		{FEA7CD4B-F5FB-4077-A873-856B73B481E6} = {F9B8683D-CC05-4DFE-B8F6-65CC3FF9DDFD}
		{ABBC87A6-DB30-406F-833B-80203403A140} = {F9B8683D-CC05-4DFE-B8F6-65CC3FF9DDFD}
		{6F1A0C1B-2755-400A-85F5-CEC442BA3F5C} = {F9B8683D-CC05-4DFE-B8F6-65CC3FF9DDFD}
		{74FD950F-1B27-4D10-9AFE-D2022D1BDBD1} = {F9B8683D-CC05-4DFE-B8F6-65CC3FF9DDFD}
		{10BAFDBD-CA73-486C-8DD3-0179A5D9B98E} = {F9B8683D-CC05-4DFE-B8F6-65CC3FF9DDFD}
		{D8363A19-17DC-418C-B674-DD97779C761C} = {F9B8683D-CC05-4DFE-B8F6-65CC3FF9DDFD}
		{534FEDB0-3DDF-43C0-A933-B0C2CA29A6E0} = {F9B8683D-CC05-4DFE-B8F6-65CC3FF9DDFD}
		{0F11F97F-8D0E-47B8-A81D-0C56F718F747} = {F9B8683D-CC05-4DFE-B8F6-65CC3FF9DDFD}
	EndGlobalSection
	GlobalSection(ExtensibilityGlobals) = postSolution
		SolutionGuid = {75269F27-57E0-4223-91C9-49454A847EC2}
	EndGlobalSection
EndGlobal
